
Microsoft Visual Studio Solution File, Format Version 12.00
# Visual Studio Version 17
VisualStudioVersion = 17.0.31903.59
MinimumVisualStudioVersion = 10.0.40219.1
Project("{FAE04EC0-301F-11D3-BF4B-00C04F79EFBC}") = "EyeRest", "EyeRest.csproj", "{58EDCC68-AF52-4F6C-8D52-B033FDB9E121}"
EndProject
Project("{FAE04EC0-301F-11D3-BF4B-00C04F79EFBC}") = "EyeRest.Tests", "EyeRest.Tests\EyeRest.Tests.csproj", "{1D27697A-4EA9-425C-B19F-A41348D79982}"
EndProject
Project("{2150E333-8FDC-42A3-9474-1A3956D46DE8}") = "Solution Folder", "Solution Folder", "{02EA681E-C7D8-13C7-8484-4AC65E1B71E8}"
	ProjectSection(SolutionItems) = preProject
		CLAUDE.md = CLAUDE.md
	EndProjectSection
EndProject
Project("{FAE04EC0-301F-11D3-BF4B-00C04F79EFBC}") = "EyeRest.Abstractions", "EyeRest.Abstractions\EyeRest.Abstractions.csproj", "{A308C7EB-305A-4785-9F34-DB7BAB686CA6}"
EndProject
Project("{FAE04EC0-301F-11D3-BF4B-00C04F79EFBC}") = "EyeRest.Core", "EyeRest.Core\EyeRest.Core.csproj", "{A4086F2E-008E-4C68-9534-3DD556C817A0}"
EndProject
Project("{FAE04EC0-301F-11D3-BF4B-00C04F79EFBC}") = "EyeRest.Platform.Windows", "EyeRest.Platform.Windows\EyeRest.Platform.Windows.csproj", "{999EF569-210E-4926-97DF-AA18642A6252}"
EndProject
Project("{FAE04EC0-301F-11D3-BF4B-00C04F79EFBC}") = "EyeRest.UI", "EyeRest.UI\EyeRest.UI.csproj", "{9C3F16E9-6F51-4B28-B49E-E8EA3F267D2A}"
EndProject
Global
	GlobalSection(SolutionConfigurationPlatforms) = preSolution
		Debug|Any CPU = Debug|Any CPU
		Debug|x64 = Debug|x64
		Debug|x86 = Debug|x86
		Release|Any CPU = Release|Any CPU
		Release|x64 = Release|x64
		Release|x86 = Release|x86
	EndGlobalSection
	GlobalSection(ProjectConfigurationPlatforms) = postSolution
		{58EDCC68-AF52-4F6C-8D52-B033FDB9E121}.Debug|Any CPU.ActiveCfg = Debug|Any CPU
		{58EDCC68-AF52-4F6C-8D52-B033FDB9E121}.Debug|Any CPU.Build.0 = Debug|Any CPU
		{58EDCC68-AF52-4F6C-8D52-B033FDB9E121}.Debug|x64.ActiveCfg = Debug|Any CPU
		{58EDCC68-AF52-4F6C-8D52-B033FDB9E121}.Debug|x64.Build.0 = Debug|Any CPU
		{58EDCC68-AF52-4F6C-8D52-B033FDB9E121}.Debug|x86.ActiveCfg = Debug|Any CPU
		{58EDCC68-AF52-4F6C-8D52-B033FDB9E121}.Debug|x86.Build.0 = Debug|Any CPU
		{58EDCC68-AF52-4F6C-8D52-B033FDB9E121}.Release|Any CPU.ActiveCfg = Release|Any CPU
		{58EDCC68-AF52-4F6C-8D52-B033FDB9E121}.Release|Any CPU.Build.0 = Release|Any CPU
		{58EDCC68-AF52-4F6C-8D52-B033FDB9E121}.Release|x64.ActiveCfg = Release|Any CPU
		{58EDCC68-AF52-4F6C-8D52-B033FDB9E121}.Release|x64.Build.0 = Release|Any CPU
		{58EDCC68-AF52-4F6C-8D52-B033FDB9E121}.Release|x86.ActiveCfg = Release|Any CPU
		{58EDCC68-AF52-4F6C-8D52-B033FDB9E121}.Release|x86.Build.0 = Release|Any CPU
		{1D27697A-4EA9-425C-B19F-A41348D79982}.Debug|Any CPU.ActiveCfg = Debug|Any CPU
		{1D27697A-4EA9-425C-B19F-A41348D79982}.Debug|Any CPU.Build.0 = Debug|Any CPU
		{1D27697A-4EA9-425C-B19F-A41348D79982}.Debug|x64.ActiveCfg = Debug|Any CPU
		{1D27697A-4EA9-425C-B19F-A41348D79982}.Debug|x64.Build.0 = Debug|Any CPU
		{1D27697A-4EA9-425C-B19F-A41348D79982}.Debug|x86.ActiveCfg = Debug|Any CPU
		{1D27697A-4EA9-425C-B19F-A41348D79982}.Debug|x86.Build.0 = Debug|Any CPU
		{1D27697A-4EA9-425C-B19F-A41348D79982}.Release|Any CPU.ActiveCfg = Release|Any CPU
		{1D27697A-4EA9-425C-B19F-A41348D79982}.Release|Any CPU.Build.0 = Release|Any CPU
		{1D27697A-4EA9-425C-B19F-A41348D79982}.Release|x64.ActiveCfg = Release|Any CPU
		{1D27697A-4EA9-425C-B19F-A41348D79982}.Release|x64.Build.0 = Release|Any CPU
		{1D27697A-4EA9-425C-B19F-A41348D79982}.Release|x86.ActiveCfg = Release|Any CPU
		{1D27697A-4EA9-425C-B19F-A41348D79982}.Release|x86.Build.0 = Release|Any CPU
		{A308C7EB-305A-4785-9F34-DB7BAB686CA6}.Debug|Any CPU.ActiveCfg = Debug|Any CPU
		{A308C7EB-305A-4785-9F34-DB7BAB686CA6}.Debug|Any CPU.Build.0 = Debug|Any CPU
		{A308C7EB-305A-4785-9F34-DB7BAB686CA6}.Debug|x64.ActiveCfg = Debug|Any CPU
		{A308C7EB-305A-4785-9F34-DB7BAB686CA6}.Debug|x64.Build.0 = Debug|Any CPU
		{A308C7EB-305A-4785-9F34-DB7BAB686CA6}.Debug|x86.ActiveCfg = Debug|Any CPU
		{A308C7EB-305A-4785-9F34-DB7BAB686CA6}.Debug|x86.Build.0 = Debug|Any CPU
		{A308C7EB-305A-4785-9F34-DB7BAB686CA6}.Release|Any CPU.ActiveCfg = Release|Any CPU
		{A308C7EB-305A-4785-9F34-DB7BAB686CA6}.Release|Any CPU.Build.0 = Release|Any CPU
		{A308C7EB-305A-4785-9F34-DB7BAB686CA6}.Release|x64.ActiveCfg = Release|Any CPU
		{A308C7EB-305A-4785-9F34-DB7BAB686CA6}.Release|x64.Build.0 = Release|Any CPU
		{A308C7EB-305A-4785-9F34-DB7BAB686CA6}.Release|x86.ActiveCfg = Release|Any CPU
		{A308C7EB-305A-4785-9F34-DB7BAB686CA6}.Release|x86.Build.0 = Release|Any CPU
		{A4086F2E-008E-4C68-9534-3DD556C817A0}.Debug|Any CPU.ActiveCfg = Debug|Any CPU
		{A4086F2E-008E-4C68-9534-3DD556C817A0}.Debug|Any CPU.Build.0 = Debug|Any CPU
		{A4086F2E-008E-4C68-9534-3DD556C817A0}.Debug|x64.ActiveCfg = Debug|Any CPU
		{A4086F2E-008E-4C68-9534-3DD556C817A0}.Debug|x64.Build.0 = Debug|Any CPU
		{A4086F2E-008E-4C68-9534-3DD556C817A0}.Debug|x86.ActiveCfg = Debug|Any CPU
		{A4086F2E-008E-4C68-9534-3DD556C817A0}.Debug|x86.Build.0 = Debug|Any CPU
		{A4086F2E-008E-4C68-9534-3DD556C817A0}.Release|Any CPU.ActiveCfg = Release|Any CPU
		{A4086F2E-008E-4C68-9534-3DD556C817A0}.Release|Any CPU.Build.0 = Release|Any CPU
		{A4086F2E-008E-4C68-9534-3DD556C817A0}.Release|x64.ActiveCfg = Release|Any CPU
		{A4086F2E-008E-4C68-9534-3DD556C817A0}.Release|x64.Build.0 = Release|Any CPU
		{A4086F2E-008E-4C68-9534-3DD556C817A0}.Release|x86.ActiveCfg = Release|Any CPU
		{A4086F2E-008E-4C68-9534-3DD556C817A0}.Release|x86.Build.0 = Release|Any CPU
		{999EF569-210E-4926-97DF-AA18642A6252}.Debug|Any CPU.ActiveCfg = Debug|Any CPU
		{999EF569-210E-4926-97DF-AA18642A6252}.Debug|Any CPU.Build.0 = Debug|Any CPU
		{999EF569-210E-4926-97DF-AA18642A6252}.Debug|x64.ActiveCfg = Debug|Any CPU
		{999EF569-210E-4926-97DF-AA18642A6252}.Debug|x64.Build.0 = Debug|Any CPU
		{999EF569-210E-4926-97DF-AA18642A6252}.Debug|x86.ActiveCfg = Debug|Any CPU
		{999EF569-210E-4926-97DF-AA18642A6252}.Debug|x86.Build.0 = Debug|Any CPU
		{999EF569-210E-4926-97DF-AA18642A6252}.Release|Any CPU.ActiveCfg = Release|Any CPU
		{999EF569-210E-4926-97DF-AA18642A6252}.Release|Any CPU.Build.0 = Release|Any CPU
		{999EF569-210E-4926-97DF-AA18642A6252}.Release|x64.ActiveCfg = Release|Any CPU
		{999EF569-210E-4926-97DF-AA18642A6252}.Release|x64.Build.0 = Release|Any CPU
		{999EF569-210E-4926-97DF-AA18642A6252}.Release|x86.ActiveCfg = Release|Any CPU
		{999EF569-210E-4926-97DF-AA18642A6252}.Release|x86.Build.0 = Release|Any CPU
		{9C3F16E9-6F51-4B28-B49E-E8EA3F267D2A}.Debug|Any CPU.ActiveCfg = Debug|Any CPU
		{9C3F16E9-6F51-4B28-B49E-E8EA3F267D2A}.Debug|Any CPU.Build.0 = Debug|Any CPU
		{9C3F16E9-6F51-4B28-B49E-E8EA3F267D2A}.Debug|x64.ActiveCfg = Debug|Any CPU
		{9C3F16E9-6F51-4B28-B49E-E8EA3F267D2A}.Debug|x64.Build.0 = Debug|Any CPU
		{9C3F16E9-6F51-4B28-B49E-E8EA3F267D2A}.Debug|x86.ActiveCfg = Debug|Any CPU
		{9C3F16E9-6F51-4B28-B49E-E8EA3F267D2A}.Debug|x86.Build.0 = Debug|Any CPU
		{9C3F16E9-6F51-4B28-B49E-E8EA3F267D2A}.Release|Any CPU.ActiveCfg = Release|Any CPU
		{9C3F16E9-6F51-4B28-B49E-E8EA3F267D2A}.Release|Any CPU.Build.0 = Release|Any CPU
		{9C3F16E9-6F51-4B28-B49E-E8EA3F267D2A}.Release|x64.ActiveCfg = Release|Any CPU
		{9C3F16E9-6F51-4B28-B49E-E8EA3F267D2A}.Release|x64.Build.0 = Release|Any CPU
		{9C3F16E9-6F51-4B28-B49E-E8EA3F267D2A}.Release|x86.ActiveCfg = Release|Any CPU
		{9C3F16E9-6F51-4B28-B49E-E8EA3F267D2A}.Release|x86.Build.0 = Release|Any CPU
	EndGlobalSection
	GlobalSection(SolutionProperties) = preSolution
		HideSolutionNode = FALSE
	EndGlobalSection
	GlobalSection(ExtensibilityGlobals) = postSolution
		SolutionGuid = {74B89D5E-4F03-4680-AAA8-E58FFBC5486F}
	EndGlobalSection
EndGlobal
